
Microsoft Visual Studio Solution File, Format Version 12.00
# Visual Studio 14
VisualStudioVersion = 14.0.25420.1
MinimumVisualStudioVersion = 10.0.40219.1
Project("{FAE04EC0-301F-11D3-BF4B-00C04F79EFBC}") = "OlympicGames", "OlympicGames\OlympicGames.csproj", "{585B5DB5-F6D1-46A9-A54A-B6EFD2AFDE03}"
EndProject
Project("{FAE04EC0-301F-11D3-BF4B-00C04F79EFBC}") = "OlympicGames.Tests", "OlympicGames.Tests\OlympicGames.Tests.csproj", "{645B65F2-D90E-4303-80EF-1B9CE00F1F7A}"
EndProject
Global
	GlobalSection(SolutionConfigurationPlatforms) = preSolution
		Debug|Any CPU = Debug|Any CPU
		Release|Any CPU = Release|Any CPU
	EndGlobalSection
	GlobalSection(ProjectConfigurationPlatforms) = postSolution
		{585B5DB5-F6D1-46A9-A54A-B6EFD2AFDE03}.Debug|Any CPU.ActiveCfg = Debug|Any CPU
		{585B5DB5-F6D1-46A9-A54A-B6EFD2AFDE03}.Debug|Any CPU.Build.0 = Debug|Any CPU
		{585B5DB5-F6D1-46A9-A54A-B6EFD2AFDE03}.Release|Any CPU.ActiveCfg = Release|Any CPU
		{585B5DB5-F6D1-46A9-A54A-B6EFD2AFDE03}.Release|Any CPU.Build.0 = Release|Any CPU
		{645B65F2-D90E-4303-80EF-1B9CE00F1F7A}.Debug|Any CPU.ActiveCfg = Debug|Any CPU
		{645B65F2-D90E-4303-80EF-1B9CE00F1F7A}.Debug|Any CPU.Build.0 = Debug|Any CPU
		{645B65F2-D90E-4303-80EF-1B9CE00F1F7A}.Release|Any CPU.ActiveCfg = Release|Any CPU
		{645B65F2-D90E-4303-80EF-1B9CE00F1F7A}.Release|Any CPU.Build.0 = Release|Any CPU
	EndGlobalSection
	GlobalSection(SolutionProperties) = preSolution
		HideSolutionNode = FALSE
	EndGlobalSection
EndGlobal
